
Microsoft Visual Studio Solution File, Format Version 12.00
# Visual Studio Version 16
VisualStudioVersion = 16.0.31321.278
MinimumVisualStudioVersion = 10.0.40219.1
Project("{FAE04EC0-301F-11D3-BF4B-00C04F79EFBC}") = "WPF_Zoo_Manager", "WPF Zoo Manager\WPF_Zoo_Manager.csproj", "{C8F147CC-1A4D-4460-A2D8-33F04ABABA7F}"
EndProject
Global
	GlobalSection(SolutionConfigurationPlatforms) = preSolution
		Debug|Any CPU = Debug|Any CPU
		Release|Any CPU = Release|Any CPU
	EndGlobalSection
	GlobalSection(ProjectConfigurationPlatforms) = postSolution
		{C8F147CC-1A4D-4460-A2D8-33F04ABABA7F}.Debug|Any CPU.ActiveCfg = Debug|Any CPU
		{C8F147CC-1A4D-4460-A2D8-33F04ABABA7F}.Debug|Any CPU.Build.0 = Debug|Any CPU
		{C8F147CC-1A4D-4460-A2D8-33F04ABABA7F}.Release|Any CPU.ActiveCfg = Release|Any CPU
		{C8F147CC-1A4D-4460-A2D8-33F04ABABA7F}.Release|Any CPU.Build.0 = Release|Any CPU
	EndGlobalSection
	GlobalSection(SolutionProperties) = preSolution
		HideSolutionNode = FALSE
	EndGlobalSection
	GlobalSection(ExtensibilityGlobals) = postSolution
		SolutionGuid = {1AAAAE88-56C2-40BF-811F-912CC0B1265B}
	EndGlobalSection
EndGlobal
